// !$*UTF8*$!
{
	archiveVersion = 1;
	classes = {
	};
	objectVersion = 56;
	objects = {

/* Begin PBXBuildFile section */
		452D8C70694BFD45D4138F0F /* Pods_DataProvider.framework in Frameworks */ = {isa = PBXBuildFile; fileRef = D226F329024F67829677F6B4 /* Pods_DataProvider.framework */; };
		F601A2BD29222480009E93AF /* DataProvider.h in Headers */ = {isa = PBXBuildFile; fileRef = F601A2BC29222480009E93AF /* DataProvider.h */; settings = {ATTRIBUTES = (Public, ); }; };
		F650DDBD292272D100BCC25A /* DataProviderProtocol.swift in Sources */ = {isa = PBXBuildFile; fileRef = F650DDBC292272D100BCC25A /* DataProviderProtocol.swift */; };
		F650DDBF2922746900BCC25A /* DecodableResponseRequest.swift in Sources */ = {isa = PBXBuildFile; fileRef = F650DDBE2922746900BCC25A /* DecodableResponseRequest.swift */; };
		F650DDC12922747E00BCC25A /* RequestMethod.swift in Sources */ = {isa = PBXBuildFile; fileRef = F650DDC02922747E00BCC25A /* RequestMethod.swift */; };
		F650DDC3292274AC00BCC25A /* RequestProtocol.swift in Sources */ = {isa = PBXBuildFile; fileRef = F650DDC2292274AC00BCC25A /* RequestProtocol.swift */; };
		F650DDC5292274C200BCC25A /* Typealias.swift in Sources */ = {isa = PBXBuildFile; fileRef = F650DDC4292274C200BCC25A /* Typealias.swift */; };
		F650DDC72922758400BCC25A /* ApiDataProvider.swift in Sources */ = {isa = PBXBuildFile; fileRef = F650DDC62922758400BCC25A /* ApiDataProvider.swift */; };
		F650DDC929227B8C00BCC25A /* ApiDecodableResponseRequest.swift in Sources */ = {isa = PBXBuildFile; fileRef = F650DDC829227B8C00BCC25A /* ApiDecodableResponseRequest.swift */; };
		F650DDCB29227CEB00BCC25A /* NetworkError.swift in Sources */ = {isa = PBXBuildFile; fileRef = F650DDCA29227CEB00BCC25A /* NetworkError.swift */; };
		F68C9A8A29436BE8001D8513 /* Results.swift in Sources */ = {isa = PBXBuildFile; fileRef = F68C9A8929436BE8001D8513 /* Results.swift */; };
		F68C9A8C29436C1B001D8513 /* Movies.swift in Sources */ = {isa = PBXBuildFile; fileRef = F68C9A8B29436C1B001D8513 /* Movies.swift */; };
		F68C9A8F29436C87001D8513 /* ListMovieRequest.swift in Sources */ = {isa = PBXBuildFile; fileRef = F68C9A8E29436C87001D8513 /* ListMovieRequest.swift */; };
/* End PBXBuildFile section */

/* Begin PBXFileReference section */
		4BF4B945D1610F5EBFD5A3A7 /* Pods-DataProvider.release.xcconfig */ = {isa = PBXFileReference; includeInIndex = 1; lastKnownFileType = text.xcconfig; name = "Pods-DataProvider.release.xcconfig"; path = "Target Support Files/Pods-DataProvider/Pods-DataProvider.release.xcconfig"; sourceTree = "<group>"; };
		8B8720A5F476A4C3A4FB638E /* Pods-DataProvider.debug.xcconfig */ = {isa = PBXFileReference; includeInIndex = 1; lastKnownFileType = text.xcconfig; name = "Pods-DataProvider.debug.xcconfig"; path = "Target Support Files/Pods-DataProvider/Pods-DataProvider.debug.xcconfig"; sourceTree = "<group>"; };
		D226F329024F67829677F6B4 /* Pods_DataProvider.framework */ = {isa = PBXFileReference; explicitFileType = wrapper.framework; includeInIndex = 0; path = Pods_DataProvider.framework; sourceTree = BUILT_PRODUCTS_DIR; };
		F601A2B929222480009E93AF /* DataProvider.framework */ = {isa = PBXFileReference; explicitFileType = wrapper.framework; includeInIndex = 0; path = DataProvider.framework; sourceTree = BUILT_PRODUCTS_DIR; };
		F601A2BC29222480009E93AF /* DataProvider.h */ = {isa = PBXFileReference; lastKnownFileType = sourcecode.c.h; path = DataProvider.h; sourceTree = "<group>"; };
		F650DDBC292272D100BCC25A /* DataProviderProtocol.swift */ = {isa = PBXFileReference; lastKnownFileType = sourcecode.swift; path = DataProviderProtocol.swift; sourceTree = "<group>"; };
		F650DDBE2922746900BCC25A /* DecodableResponseRequest.swift */ = {isa = PBXFileReference; lastKnownFileType = sourcecode.swift; path = DecodableResponseRequest.swift; sourceTree = "<group>"; };
		F650DDC02922747E00BCC25A /* RequestMethod.swift */ = {isa = PBXFileReference; lastKnownFileType = sourcecode.swift; path = RequestMethod.swift; sourceTree = "<group>"; };
		F650DDC2292274AC00BCC25A /* RequestProtocol.swift */ = {isa = PBXFileReference; lastKnownFileType = sourcecode.swift; path = RequestProtocol.swift; sourceTree = "<group>"; };
		F650DDC4292274C200BCC25A /* Typealias.swift */ = {isa = PBXFileReference; lastKnownFileType = sourcecode.swift; path = Typealias.swift; sourceTree = "<group>"; };
		F650DDC62922758400BCC25A /* ApiDataProvider.swift */ = {isa = PBXFileReference; lastKnownFileType = sourcecode.swift; path = ApiDataProvider.swift; sourceTree = "<group>"; };
		F650DDC829227B8C00BCC25A /* ApiDecodableResponseRequest.swift */ = {isa = PBXFileReference; lastKnownFileType = sourcecode.swift; path = ApiDecodableResponseRequest.swift; sourceTree = "<group>"; };
		F650DDCA29227CEB00BCC25A /* NetworkError.swift */ = {isa = PBXFileReference; lastKnownFileType = sourcecode.swift; path = NetworkError.swift; sourceTree = "<group>"; };
		F68C9A8929436BE8001D8513 /* Results.swift */ = {isa = PBXFileReference; lastKnownFileType = sourcecode.swift; path = Results.swift; sourceTree = "<group>"; };
		F68C9A8B29436C1B001D8513 /* Movies.swift */ = {isa = PBXFileReference; lastKnownFileType = sourcecode.swift; path = Movies.swift; sourceTree = "<group>"; };
		F68C9A8E29436C87001D8513 /* ListMovieRequest.swift */ = {isa = PBXFileReference; lastKnownFileType = sourcecode.swift; path = ListMovieRequest.swift; sourceTree = "<group>"; };
/* End PBXFileReference section */

/* Begin PBXFrameworksBuildPhase section */
		F601A2B629222480009E93AF /* Frameworks */ = {
			isa = PBXFrameworksBuildPhase;
			buildActionMask = 2147483647;
			files = (
				452D8C70694BFD45D4138F0F /* Pods_DataProvider.framework in Frameworks */,
			);
			runOnlyForDeploymentPostprocessing = 0;
		};
/* End PBXFrameworksBuildPhase section */

/* Begin PBXGroup section */
		29A2EF2FC5BEC4610372285F /* Pods */ = {
			isa = PBXGroup;
			children = (
				8B8720A5F476A4C3A4FB638E /* Pods-DataProvider.debug.xcconfig */,
				4BF4B945D1610F5EBFD5A3A7 /* Pods-DataProvider.release.xcconfig */,
			);
			name = Pods;
			path = ../Pods;
			sourceTree = "<group>";
		};
		33CF0887AADF6C57F5E1FA48 /* Frameworks */ = {
			isa = PBXGroup;
			children = (
				D226F329024F67829677F6B4 /* Pods_DataProvider.framework */,
			);
			name = Frameworks;
			sourceTree = "<group>";
		};
		F601A2AF29222480009E93AF = {
			isa = PBXGroup;
			children = (
				F601A2BB29222480009E93AF /* DataProvider */,
				F601A2BA29222480009E93AF /* Products */,
				29A2EF2FC5BEC4610372285F /* Pods */,
				33CF0887AADF6C57F5E1FA48 /* Frameworks */,
			);
			sourceTree = "<group>";
		};
		F601A2BA29222480009E93AF /* Products */ = {
			isa = PBXGroup;
			children = (
				F601A2B929222480009E93AF /* DataProvider.framework */,
			);
			name = Products;
			sourceTree = "<group>";
		};
		F601A2BB29222480009E93AF /* DataProvider */ = {
			isa = PBXGroup;
			children = (
				F68C9A8D29436C75001D8513 /* Requests */,
				F650DDBA292272A500BCC25A /* Model */,
				F650DDB92922729100BCC25A /* Core */,
				F650DDBB292272AC00BCC25A /* Manager */,
				F601A2BC29222480009E93AF /* DataProvider.h */,
			);
			path = DataProvider;
			sourceTree = "<group>";
		};
		F650DDB92922729100BCC25A /* Core */ = {
			isa = PBXGroup;
			children = (
				F650DDBC292272D100BCC25A /* DataProviderProtocol.swift */,
				F650DDBE2922746900BCC25A /* DecodableResponseRequest.swift */,
				F650DDC02922747E00BCC25A /* RequestMethod.swift */,
				F650DDC2292274AC00BCC25A /* RequestProtocol.swift */,
				F650DDC4292274C200BCC25A /* Typealias.swift */,
				F650DDCA29227CEB00BCC25A /* NetworkError.swift */,
			);
			path = Core;
			sourceTree = "<group>";
		};
		F650DDBA292272A500BCC25A /* Model */ = {
			isa = PBXGroup;
			children = (
				F68C9A8929436BE8001D8513 /* Results.swift */,
				F68C9A8B29436C1B001D8513 /* Movies.swift */,
			);
			path = Model;
			sourceTree = "<group>";
		};
		F650DDBB292272AC00BCC25A /* Manager */ = {
			isa = PBXGroup;
			children = (
				F650DDC62922758400BCC25A /* ApiDataProvider.swift */,
				F650DDC829227B8C00BCC25A /* ApiDecodableResponseRequest.swift */,
			);
			path = Manager;
			sourceTree = "<group>";
		};
		F68C9A8D29436C75001D8513 /* Requests */ = {
			isa = PBXGroup;
			children = (
				F68C9A8E29436C87001D8513 /* ListMovieRequest.swift */,
			);
			path = Requests;
			sourceTree = "<group>";
		};
/* End PBXGroup section */

/* Begin PBXHeadersBuildPhase section */
		F601A2B429222480009E93AF /* Headers */ = {
			isa = PBXHeadersBuildPhase;
			buildActionMask = 2147483647;
			files = (
				F601A2BD29222480009E93AF /* DataProvider.h in Headers */,
			);
			runOnlyForDeploymentPostprocessing = 0;
		};
/* End PBXHeadersBuildPhase section */

/* Begin PBXNativeTarget section */
		F601A2B829222480009E93AF /* DataProvider */ = {
			isa = PBXNativeTarget;
			buildConfigurationList = F601A2C029222480009E93AF /* Build configuration list for PBXNativeTarget "DataProvider" */;
			buildPhases = (
				328327D0FD2FA7EFC57845D1 /* [CP] Check Pods Manifest.lock */,
				F601A2B429222480009E93AF /* Headers */,
				F601A2B529222480009E93AF /* Sources */,
				F601A2B629222480009E93AF /* Frameworks */,
				F601A2B729222480009E93AF /* Resources */,
			);
			buildRules = (
			);
			dependencies = (
			);
			name = DataProvider;
			productName = DataProvider;
			productReference = F601A2B929222480009E93AF /* DataProvider.framework */;
			productType = "com.apple.product-type.framework";
		};
/* End PBXNativeTarget section */

/* Begin PBXProject section */
		F601A2B029222480009E93AF /* Project object */ = {
			isa = PBXProject;
			attributes = {
				BuildIndependentTargetsInParallel = 1;
				LastUpgradeCheck = 1410;
				TargetAttributes = {
					F601A2B829222480009E93AF = {
						CreatedOnToolsVersion = 14.1;
						LastSwiftMigration = 1410;
					};
				};
			};
			buildConfigurationList = F601A2B329222480009E93AF /* Build configuration list for PBXProject "DataProvider" */;
			compatibilityVersion = "Xcode 14.0";
			developmentRegion = en;
			hasScannedForEncodings = 0;
			knownRegions = (
				en,
				Base,
			);
			mainGroup = F601A2AF29222480009E93AF;
			productRefGroup = F601A2BA29222480009E93AF /* Products */;
			projectDirPath = "";
			projectRoot = "";
			targets = (
				F601A2B829222480009E93AF /* DataProvider */,
			);
		};
/* End PBXProject section */

/* Begin PBXResourcesBuildPhase section */
		F601A2B729222480009E93AF /* Resources */ = {
			isa = PBXResourcesBuildPhase;
			buildActionMask = 2147483647;
			files = (
			);
			runOnlyForDeploymentPostprocessing = 0;
		};
/* End PBXResourcesBuildPhase section */

/* Begin PBXShellScriptBuildPhase section */
		328327D0FD2FA7EFC57845D1 /* [CP] Check Pods Manifest.lock */ = {
			isa = PBXShellScriptBuildPhase;
			buildActionMask = 2147483647;
			files = (
			);
			inputFileListPaths = (
			);
			inputPaths = (
				"${PODS_PODFILE_DIR_PATH}/Podfile.lock",
				"${PODS_ROOT}/Manifest.lock",
			);
			name = "[CP] Check Pods Manifest.lock";
			outputFileListPaths = (
			);
			outputPaths = (
				"$(DERIVED_FILE_DIR)/Pods-DataProvider-checkManifestLockResult.txt",
			);
			runOnlyForDeploymentPostprocessing = 0;
			shellPath = /bin/sh;
			shellScript = "diff \"${PODS_PODFILE_DIR_PATH}/Podfile.lock\" \"${PODS_ROOT}/Manifest.lock\" > /dev/null\nif [ $? != 0 ] ; then\n    # print error to STDERR\n    echo \"error: The sandbox is not in sync with the Podfile.lock. Run 'pod install' or update your CocoaPods installation.\" >&2\n    exit 1\nfi\n# This output is used by Xcode 'outputs' to avoid re-running this script phase.\necho \"SUCCESS\" > \"${SCRIPT_OUTPUT_FILE_0}\"\n";
			showEnvVarsInLog = 0;
		};
/* End PBXShellScriptBuildPhase section */

/* Begin PBXSourcesBuildPhase section */
		F601A2B529222480009E93AF /* Sources */ = {
			isa = PBXSourcesBuildPhase;
			buildActionMask = 2147483647;
			files = (
				F68C9A8C29436C1B001D8513 /* Movies.swift in Sources */,
				F68C9A8A29436BE8001D8513 /* Results.swift in Sources */,
				F650DDBF2922746900BCC25A /* DecodableResponseRequest.swift in Sources */,
				F650DDCB29227CEB00BCC25A /* NetworkError.swift in Sources */,
				F650DDC929227B8C00BCC25A /* ApiDecodableResponseRequest.swift in Sources */,
				F650DDC72922758400BCC25A /* ApiDataProvider.swift in Sources */,
				F650DDC12922747E00BCC25A /* RequestMethod.swift in Sources */,
				F68C9A8F29436C87001D8513 /* ListMovieRequest.swift in Sources */,
				F650DDBD292272D100BCC25A /* DataProviderProtocol.swift in Sources */,
				F650DDC3292274AC00BCC25A /* RequestProtocol.swift in Sources */,
				F650DDC5292274C200BCC25A /* Typealias.swift in Sources */,
			);
			runOnlyForDeploymentPostprocessing = 0;
		};
/* End PBXSourcesBuildPhase section */

/* Begin XCBuildConfiguration section */
		F601A2BE29222480009E93AF /* Debug */ = {
			isa = XCBuildConfiguration;
			buildSettings = {
				ALWAYS_SEARCH_USER_PATHS = NO;
				CLANG_ANALYZER_NONNULL = YES;
				CLANG_ANALYZER_NUMBER_OBJECT_CONVERSION = YES_AGGRESSIVE;
				CLANG_CXX_LANGUAGE_STANDARD = "gnu++20";
				CLANG_ENABLE_MODULES = YES;
				CLANG_ENABLE_OBJC_ARC = YES;
				CLANG_ENABLE_OBJC_WEAK = YES;
				CLANG_WARN_BLOCK_CAPTURE_AUTORELEASING = YES;
				CLANG_WARN_BOOL_CONVERSION = YES;
				CLANG_WARN_COMMA = YES;
				CLANG_WARN_CONSTANT_CONVERSION = YES;
				CLANG_WARN_DEPRECATED_OBJC_IMPLEMENTATIONS = YES;
				CLANG_WARN_DIRECT_OBJC_ISA_USAGE = YES_ERROR;
				CLANG_WARN_DOCUMENTATION_COMMENTS = YES;
				CLANG_WARN_EMPTY_BODY = YES;
				CLANG_WARN_ENUM_CONVERSION = YES;
				CLANG_WARN_INFINITE_RECURSION = YES;
				CLANG_WARN_INT_CONVERSION = YES;
				CLANG_WARN_NON_LITERAL_NULL_CONVERSION = YES;
				CLANG_WARN_OBJC_IMPLICIT_RETAIN_SELF = YES;
				CLANG_WARN_OBJC_LITERAL_CONVERSION = YES;
				CLANG_WARN_OBJC_ROOT_CLASS = YES_ERROR;
				CLANG_WARN_QUOTED_INCLUDE_IN_FRAMEWORK_HEADER = YES;
				CLANG_WARN_RANGE_LOOP_ANALYSIS = YES;
				CLANG_WARN_STRICT_PROTOTYPES = YES;
				CLANG_WARN_SUSPICIOUS_MOVE = YES;
				CLANG_WARN_UNGUARDED_AVAILABILITY = YES_AGGRESSIVE;
				CLANG_WARN_UNREACHABLE_CODE = YES;
				CLANG_WARN__DUPLICATE_METHOD_MATCH = YES;
				COPY_PHASE_STRIP = NO;
				CURRENT_PROJECT_VERSION = 1;
				DEBUG_INFORMATION_FORMAT = dwarf;
				ENABLE_STRICT_OBJC_MSGSEND = YES;
				ENABLE_TESTABILITY = YES;
				"EXCLUDED_ARCHS[sdk=iphonesimulator*]" = arm64;
				GCC_C_LANGUAGE_STANDARD = gnu11;
				GCC_DYNAMIC_NO_PIC = NO;
				GCC_NO_COMMON_BLOCKS = YES;
				GCC_OPTIMIZATION_LEVEL = 0;
				GCC_PREPROCESSOR_DEFINITIONS = (
					"DEBUG=1",
					"$(inherited)",
				);
				GCC_WARN_64_TO_32_BIT_CONVERSION = YES;
				GCC_WARN_ABOUT_RETURN_TYPE = YES_ERROR;
				GCC_WARN_UNDECLARED_SELECTOR = YES;
				GCC_WARN_UNINITIALIZED_AUTOS = YES_AGGRESSIVE;
				GCC_WARN_UNUSED_FUNCTION = YES;
				GCC_WARN_UNUSED_VARIABLE = YES;
				IPHONEOS_DEPLOYMENT_TARGET = 16.1;
				MTL_ENABLE_DEBUG_INFO = INCLUDE_SOURCE;
				MTL_FAST_MATH = YES;
				ONLY_ACTIVE_ARCH = YES;
				SDKROOT = iphoneos;
				SWIFT_ACTIVE_COMPILATION_CONDITIONS = DEBUG;
				SWIFT_OPTIMIZATION_LEVEL = "-Onone";
				VERSIONING_SYSTEM = "apple-generic";
				VERSION_INFO_PREFIX = "";
			};
			name = Debug;
		};
		F601A2BF29222480009E93AF /* Release */ = {
			isa = XCBuildConfiguration;
			buildSettings = {
				ALWAYS_SEARCH_USER_PATHS = NO;
				CLANG_ANALYZER_NONNULL = YES;
				CLANG_ANALYZER_NUMBER_OBJECT_CONVERSION = YES_AGGRESSIVE;
				CLANG_CXX_LANGUAGE_STANDARD = "gnu++20";
				CLANG_ENABLE_MODULES = YES;
				CLANG_ENABLE_OBJC_ARC = YES;
				CLANG_ENABLE_OBJC_WEAK = YES;
				CLANG_WARN_BLOCK_CAPTURE_AUTORELEASING = YES;
				CLANG_WARN_BOOL_CONVERSION = YES;
				CLANG_WARN_COMMA = YES;
				CLANG_WARN_CONSTANT_CONVERSION = YES;
				CLANG_WARN_DEPRECATED_OBJC_IMPLEMENTATIONS = YES;
				CLANG_WARN_DIRECT_OBJC_ISA_USAGE = YES_ERROR;
				CLANG_WARN_DOCUMENTATION_COMMENTS = YES;
				CLANG_WARN_EMPTY_BODY = YES;
				CLANG_WARN_ENUM_CONVERSION = YES;
				CLANG_WARN_INFINITE_RECURSION = YES;
				CLANG_WARN_INT_CONVERSION = YES;
				CLANG_WARN_NON_LITERAL_NULL_CONVERSION = YES;
				CLANG_WARN_OBJC_IMPLICIT_RETAIN_SELF = YES;
				CLANG_WARN_OBJC_LITERAL_CONVERSION = YES;
				CLANG_WARN_OBJC_ROOT_CLASS = YES_ERROR;
				CLANG_WARN_QUOTED_INCLUDE_IN_FRAMEWORK_HEADER = YES;
				CLANG_WARN_RANGE_LOOP_ANALYSIS = YES;
				CLANG_WARN_STRICT_PROTOTYPES = YES;
				CLANG_WARN_SUSPICIOUS_MOVE = YES;
				CLANG_WARN_UNGUARDED_AVAILABILITY = YES_AGGRESSIVE;
				CLANG_WARN_UNREACHABLE_CODE = YES;
				CLANG_WARN__DUPLICATE_METHOD_MATCH = YES;
				COPY_PHASE_STRIP = NO;
				CURRENT_PROJECT_VERSION = 1;
				DEBUG_INFORMATION_FORMAT = "dwarf-with-dsym";
				ENABLE_NS_ASSERTIONS = NO;
				ENABLE_STRICT_OBJC_MSGSEND = YES;
				"EXCLUDED_ARCHS[sdk=iphonesimulator*]" = arm64;
				GCC_C_LANGUAGE_STANDARD = gnu11;
				GCC_NO_COMMON_BLOCKS = YES;
				GCC_WARN_64_TO_32_BIT_CONVERSION = YES;
				GCC_WARN_ABOUT_RETURN_TYPE = YES_ERROR;
				GCC_WARN_UNDECLARED_SELECTOR = YES;
				GCC_WARN_UNINITIALIZED_AUTOS = YES_AGGRESSIVE;
				GCC_WARN_UNUSED_FUNCTION = YES;
				GCC_WARN_UNUSED_VARIABLE = YES;
				IPHONEOS_DEPLOYMENT_TARGET = 16.1;
				MTL_ENABLE_DEBUG_INFO = NO;
				MTL_FAST_MATH = YES;
				SDKROOT = iphoneos;
				SWIFT_COMPILATION_MODE = wholemodule;
				SWIFT_OPTIMIZATION_LEVEL = "-O";
				VALIDATE_PRODUCT = YES;
				VERSIONING_SYSTEM = "apple-generic";
				VERSION_INFO_PREFIX = "";
			};
			name = Release;
		};
		F601A2C129222480009E93AF /* Debug */ = {
			isa = XCBuildConfiguration;
			baseConfigurationReference = 8B8720A5F476A4C3A4FB638E /* Pods-DataProvider.debug.xcconfig */;
			buildSettings = {
				CLANG_ENABLE_MODULES = YES;
				CODE_SIGN_STYLE = Automatic;
				CURRENT_PROJECT_VERSION = 1;
				DEFINES_MODULE = YES;
				DEVELOPMENT_TEAM = BNK334U5U9;
				DYLIB_COMPATIBILITY_VERSION = 1;
				DYLIB_CURRENT_VERSION = 1;
				DYLIB_INSTALL_NAME_BASE = "@rpath";
				"EXCLUDED_ARCHS[sdk=iphonesimulator*]" = arm64;
				GENERATE_INFOPLIST_FILE = YES;
				INFOPLIST_KEY_NSHumanReadableCopyright = "";
				INSTALL_PATH = "$(LOCAL_LIBRARY_DIR)/Frameworks";
				LD_RUNPATH_SEARCH_PATHS = (
					"$(inherited)",
					"@executable_path/Frameworks",
					"@loader_path/Frameworks",
				);
				MARKETING_VERSION = 1.0;
				PRODUCT_BUNDLE_IDENTIFIER = com.mehmetsalihcelik.DataProvider;
				PRODUCT_NAME = "$(TARGET_NAME:c99extidentifier)";
				SKIP_INSTALL = YES;
				SWIFT_EMIT_LOC_STRINGS = YES;
				SWIFT_OPTIMIZATION_LEVEL = "-Onone";
				SWIFT_VERSION = 5.0;
				TARGETED_DEVICE_FAMILY = "1,2";
			};
			name = Debug;
		};
		F601A2C229222480009E93AF /* Release */ = {
			isa = XCBuildConfiguration;
			baseConfigurationReference = 4BF4B945D1610F5EBFD5A3A7 /* Pods-DataProvider.release.xcconfig */;
			buildSettings = {
				CLANG_ENABLE_MODULES = YES;
				CODE_SIGN_STYLE = Automatic;
				CURRENT_PROJECT_VERSION = 1;
				DEFINES_MODULE = YES;
				DEVELOPMENT_TEAM = BNK334U5U9;
				DYLIB_COMPATIBILITY_VERSION = 1;
				DYLIB_CURRENT_VERSION = 1;
				DYLIB_INSTALL_NAME_BASE = "@rpath";
				"EXCLUDED_ARCHS[sdk=iphonesimulator*]" = arm64;
				GENERATE_INFOPLIST_FILE = YES;
				INFOPLIST_KEY_NSHumanReadableCopyright = "";
				INSTALL_PATH = "$(LOCAL_LIBRARY_DIR)/Frameworks";
				LD_RUNPATH_SEARCH_PATHS = (
					"$(inherited)",
					"@executable_path/Frameworks",
					"@loader_path/Frameworks",
				);
				MARKETING_VERSION = 1.0;
				ONLY_ACTIVE_ARCH = YES;
				PRODUCT_BUNDLE_IDENTIFIER = com.mehmetsalihcelik.DataProvider;
				PRODUCT_NAME = "$(TARGET_NAME:c99extidentifier)";
				SKIP_INSTALL = YES;
				SWIFT_EMIT_LOC_STRINGS = YES;
				SWIFT_VERSION = 5.0;
				TARGETED_DEVICE_FAMILY = "1,2";
			};
			name = Release;
		};
/* End XCBuildConfiguration section */

/* Begin XCConfigurationList section */
		F601A2B329222480009E93AF /* Build configuration list for PBXProject "DataProvider" */ = {
			isa = XCConfigurationList;
			buildConfigurations = (
				F601A2BE29222480009E93AF /* Debug */,
				F601A2BF29222480009E93AF /* Release */,
			);
			defaultConfigurationIsVisible = 0;
			defaultConfigurationName = Release;
		};
		F601A2C029222480009E93AF /* Build configuration list for PBXNativeTarget "DataProvider" */ = {
			isa = XCConfigurationList;
			buildConfigurations = (
				F601A2C129222480009E93AF /* Debug */,
				F601A2C229222480009E93AF /* Release */,
			);
			defaultConfigurationIsVisible = 0;
			defaultConfigurationName = Release;
		};
/* End XCConfigurationList section */
	};
	rootObject = F601A2B029222480009E93AF /* Project object */;
}
